// !$*UTF8*$!
{
	archiveVersion = 1;
	classes = {
	};
	objectVersion = 46;
	objects = {

/* Begin PBXBuildFile section */
		CEE1665E1F0D5FEF00DCA5FF /* AppDelegate.swift in Sources */ = {isa = PBXBuildFile; fileRef = CEE1665D1F0D5FEF00DCA5FF /* AppDelegate.swift */; };
		CEE166601F0D5FEF00DCA5FF /* ViewController.swift in Sources */ = {isa = PBXBuildFile; fileRef = CEE1665F1F0D5FEF00DCA5FF /* ViewController.swift */; };
		CEE166631F0D5FEF00DCA5FF /* Main.storyboard in Resources */ = {isa = PBXBuildFile; fileRef = CEE166611F0D5FEF00DCA5FF /* Main.storyboard */; };
		CEE166661F0D5FEF00DCA5FF /* JerseyCollector.xcdatamodeld in Sources */ = {isa = PBXBuildFile; fileRef = CEE166641F0D5FEF00DCA5FF /* JerseyCollector.xcdatamodeld */; };
		CEE166681F0D5FEF00DCA5FF /* Assets.xcassets in Resources */ = {isa = PBXBuildFile; fileRef = CEE166671F0D5FEF00DCA5FF /* Assets.xcassets */; };
		CEE1666B1F0D5FEF00DCA5FF /* LaunchScreen.storyboard in Resources */ = {isa = PBXBuildFile; fileRef = CEE166691F0D5FEF00DCA5FF /* LaunchScreen.storyboard */; };
		CEE166731F0D6A6B00DCA5FF /* arsenal-17-18-home-away-and-third-ki (1).jpg in Resources */ = {isa = PBXBuildFile; fileRef = CEE166721F0D6A6B00DCA5FF /* arsenal-17-18-home-away-and-third-ki (1).jpg */; };
		CEE166751F0D6BE500DCA5FF /* JerseyViewController.swift in Sources */ = {isa = PBXBuildFile; fileRef = CEE166741F0D6BE400DCA5FF /* JerseyViewController.swift */; };
/* End PBXBuildFile section */

/* Begin PBXFileReference section */
		CEE1665A1F0D5FEF00DCA5FF /* JerseyCollector.app */ = {isa = PBXFileReference; explicitFileType = wrapper.application; includeInIndex = 0; path = JerseyCollector.app; sourceTree = BUILT_PRODUCTS_DIR; };
		CEE1665D1F0D5FEF00DCA5FF /* AppDelegate.swift */ = {isa = PBXFileReference; lastKnownFileType = sourcecode.swift; path = AppDelegate.swift; sourceTree = "<group>"; };
		CEE1665F1F0D5FEF00DCA5FF /* ViewController.swift */ = {isa = PBXFileReference; lastKnownFileType = sourcecode.swift; path = ViewController.swift; sourceTree = "<group>"; };
		CEE166621F0D5FEF00DCA5FF /* Base */ = {isa = PBXFileReference; lastKnownFileType = file.storyboard; name = Base; path = Base.lproj/Main.storyboard; sourceTree = "<group>"; };
		CEE166651F0D5FEF00DCA5FF /* JerseyCollector.xcdatamodel */ = {isa = PBXFileReference; lastKnownFileType = wrapper.xcdatamodel; path = JerseyCollector.xcdatamodel; sourceTree = "<group>"; };
		CEE166671F0D5FEF00DCA5FF /* Assets.xcassets */ = {isa = PBXFileReference; lastKnownFileType = folder.assetcatalog; path = Assets.xcassets; sourceTree = "<group>"; };
		CEE1666A1F0D5FEF00DCA5FF /* Base */ = {isa = PBXFileReference; lastKnownFileType = file.storyboard; name = Base; path = Base.lproj/LaunchScreen.storyboard; sourceTree = "<group>"; };
		CEE1666C1F0D5FEF00DCA5FF /* Info.plist */ = {isa = PBXFileReference; lastKnownFileType = text.plist.xml; path = Info.plist; sourceTree = "<group>"; };
		CEE166721F0D6A6B00DCA5FF /* arsenal-17-18-home-away-and-third-ki (1).jpg */ = {isa = PBXFileReference; lastKnownFileType = image.jpeg; path = "arsenal-17-18-home-away-and-third-ki (1).jpg"; sourceTree = "<group>"; };
		CEE166741F0D6BE400DCA5FF /* JerseyViewController.swift */ = {isa = PBXFileReference; fileEncoding = 4; lastKnownFileType = sourcecode.swift; path = JerseyViewController.swift; sourceTree = "<group>"; };
/* End PBXFileReference section */

/* Begin PBXFrameworksBuildPhase section */
		CEE166571F0D5FEF00DCA5FF /* Frameworks */ = {
			isa = PBXFrameworksBuildPhase;
			buildActionMask = 2147483647;
			files = (
			);
			runOnlyForDeploymentPostprocessing = 0;
		};
/* End PBXFrameworksBuildPhase section */

/* Begin PBXGroup section */
		CEE166511F0D5FEF00DCA5FF = {
			isa = PBXGroup;
			children = (
				CEE1665C1F0D5FEF00DCA5FF /* JerseyCollector */,
				CEE1665B1F0D5FEF00DCA5FF /* Products */,
			);
			sourceTree = "<group>";
		};
		CEE1665B1F0D5FEF00DCA5FF /* Products */ = {
			isa = PBXGroup;
			children = (
				CEE1665A1F0D5FEF00DCA5FF /* JerseyCollector.app */,
			);
			name = Products;
			sourceTree = "<group>";
		};
		CEE1665C1F0D5FEF00DCA5FF /* JerseyCollector */ = {
			isa = PBXGroup;
			children = (
				CEE166721F0D6A6B00DCA5FF /* arsenal-17-18-home-away-and-third-ki (1).jpg */,
				CEE1665D1F0D5FEF00DCA5FF /* AppDelegate.swift */,
				CEE1665F1F0D5FEF00DCA5FF /* ViewController.swift */,
				CEE166611F0D5FEF00DCA5FF /* Main.storyboard */,
				CEE166741F0D6BE400DCA5FF /* JerseyViewController.swift */,
				CEE166671F0D5FEF00DCA5FF /* Assets.xcassets */,
				CEE166691F0D5FEF00DCA5FF /* LaunchScreen.storyboard */,
				CEE1666C1F0D5FEF00DCA5FF /* Info.plist */,
				CEE166641F0D5FEF00DCA5FF /* JerseyCollector.xcdatamodeld */,
			);
			path = JerseyCollector;
			sourceTree = "<group>";
		};
/* End PBXGroup section */

/* Begin PBXNativeTarget section */
		CEE166591F0D5FEF00DCA5FF /* JerseyCollector */ = {
			isa = PBXNativeTarget;
			buildConfigurationList = CEE1666F1F0D5FEF00DCA5FF /* Build configuration list for PBXNativeTarget "JerseyCollector" */;
			buildPhases = (
				CEE166561F0D5FEF00DCA5FF /* Sources */,
				CEE166571F0D5FEF00DCA5FF /* Frameworks */,
				CEE166581F0D5FEF00DCA5FF /* Resources */,
			);
			buildRules = (
			);
			dependencies = (
			);
			name = JerseyCollector;
			productName = JerseyCollector;
			productReference = CEE1665A1F0D5FEF00DCA5FF /* JerseyCollector.app */;
			productType = "com.apple.product-type.application";
		};
/* End PBXNativeTarget section */

/* Begin PBXProject section */
		CEE166521F0D5FEF00DCA5FF /* Project object */ = {
			isa = PBXProject;
			attributes = {
				LastSwiftUpdateCheck = 0830;
				LastUpgradeCheck = 0830;
				ORGANIZATIONNAME = Appster;
				TargetAttributes = {
					CEE166591F0D5FEF00DCA5FF = {
						CreatedOnToolsVersion = 8.3.3;
						ProvisioningStyle = Automatic;
					};
				};
			};
			buildConfigurationList = CEE166551F0D5FEF00DCA5FF /* Build configuration list for PBXProject "JerseyCollector" */;
			compatibilityVersion = "Xcode 3.2";
			developmentRegion = English;
			hasScannedForEncodings = 0;
			knownRegions = (
				en,
				Base,
			);
			mainGroup = CEE166511F0D5FEF00DCA5FF;
			productRefGroup = CEE1665B1F0D5FEF00DCA5FF /* Products */;
			projectDirPath = "";
			projectRoot = "";
			targets = (
				CEE166591F0D5FEF00DCA5FF /* JerseyCollector */,
			);
		};
/* End PBXProject section */

/* Begin PBXResourcesBuildPhase section */
		CEE166581F0D5FEF00DCA5FF /* Resources */ = {
			isa = PBXResourcesBuildPhase;
			buildActionMask = 2147483647;
			files = (
				CEE166731F0D6A6B00DCA5FF /* arsenal-17-18-home-away-and-third-ki (1).jpg in Resources */,
				CEE1666B1F0D5FEF00DCA5FF /* LaunchScreen.storyboard in Resources */,
				CEE166681F0D5FEF00DCA5FF /* Assets.xcassets in Resources */,
				CEE166631F0D5FEF00DCA5FF /* Main.storyboard in Resources */,
			);
			runOnlyForDeploymentPostprocessing = 0;
		};
/* End PBXResourcesBuildPhase section */

/* Begin PBXSourcesBuildPhase section */
		CEE166561F0D5FEF00DCA5FF /* Sources */ = {
			isa = PBXSourcesBuildPhase;
			buildActionMask = 2147483647;
			files = (
				CEE166601F0D5FEF00DCA5FF /* ViewController.swift in Sources */,
				CEE166661F0D5FEF00DCA5FF /* JerseyCollector.xcdatamodeld in Sources */,
				CEE166751F0D6BE500DCA5FF /* JerseyViewController.swift in Sources */,
				CEE1665E1F0D5FEF00DCA5FF /* AppDelegate.swift in Sources */,
			);
			runOnlyForDeploymentPostprocessing = 0;
		};
/* End PBXSourcesBuildPhase section */

/* Begin PBXVariantGroup section */
		CEE166611F0D5FEF00DCA5FF /* Main.storyboard */ = {
			isa = PBXVariantGroup;
			children = (
				CEE166621F0D5FEF00DCA5FF /* Base */,
			);
			name = Main.storyboard;
			sourceTree = "<group>";
		};
		CEE166691F0D5FEF00DCA5FF /* LaunchScreen.storyboard */ = {
			isa = PBXVariantGroup;
			children = (
				CEE1666A1F0D5FEF00DCA5FF /* Base */,
			);
			name = LaunchScreen.storyboard;
			sourceTree = "<group>";
		};
/* End PBXVariantGroup section */

/* Begin XCBuildConfiguration section */
		CEE1666D1F0D5FEF00DCA5FF /* Debug */ = {
			isa = XCBuildConfiguration;
			buildSettings = {
				ALWAYS_SEARCH_USER_PATHS = NO;
				CLANG_ANALYZER_NONNULL = YES;
				CLANG_ANALYZER_NUMBER_OBJECT_CONVERSION = YES_AGGRESSIVE;
				CLANG_CXX_LANGUAGE_STANDARD = "gnu++0x";
				CLANG_CXX_LIBRARY = "libc++";
				CLANG_ENABLE_MODULES = YES;
				CLANG_ENABLE_OBJC_ARC = YES;
				CLANG_WARN_BOOL_CONVERSION = YES;
				CLANG_WARN_CONSTANT_CONVERSION = YES;
				CLANG_WARN_DIRECT_OBJC_ISA_USAGE = YES_ERROR;
				CLANG_WARN_DOCUMENTATION_COMMENTS = YES;
				CLANG_WARN_EMPTY_BODY = YES;
				CLANG_WARN_ENUM_CONVERSION = YES;
				CLANG_WARN_INFINITE_RECURSION = YES;
				CLANG_WARN_INT_CONVERSION = YES;
				CLANG_WARN_OBJC_ROOT_CLASS = YES_ERROR;
				CLANG_WARN_SUSPICIOUS_MOVE = YES;
				CLANG_WARN_UNREACHABLE_CODE = YES;
				CLANG_WARN__DUPLICATE_METHOD_MATCH = YES;
				"CODE_SIGN_IDENTITY[sdk=iphoneos*]" = "iPhone Developer";
				COPY_PHASE_STRIP = NO;
				DEBUG_INFORMATION_FORMAT = dwarf;
				ENABLE_STRICT_OBJC_MSGSEND = YES;
				ENABLE_TESTABILITY = YES;
				GCC_C_LANGUAGE_STANDARD = gnu99;
				GCC_DYNAMIC_NO_PIC = NO;
				GCC_NO_COMMON_BLOCKS = YES;
				GCC_OPTIMIZATION_LEVEL = 0;
				GCC_PREPROCESSOR_DEFINITIONS = (
					"DEBUG=1",
					"$(inherited)",
				);
				GCC_WARN_64_TO_32_BIT_CONVERSION = YES;
				GCC_WARN_ABOUT_RETURN_TYPE = YES_ERROR;
				GCC_WARN_UNDECLARED_SELECTOR = YES;
				GCC_WARN_UNINITIALIZED_AUTOS = YES_AGGRESSIVE;
				GCC_WARN_UNUSED_FUNCTION = YES;
				GCC_WARN_UNUSED_VARIABLE = YES;
				IPHONEOS_DEPLOYMENT_TARGET = 10.3;
				MTL_ENABLE_DEBUG_INFO = YES;
				ONLY_ACTIVE_ARCH = YES;
				SDKROOT = iphoneos;
				SWIFT_ACTIVE_COMPILATION_CONDITIONS = DEBUG;
				SWIFT_OPTIMIZATION_LEVEL = "-Onone";
				TARGETED_DEVICE_FAMILY = "1,2";
			};
			name = Debug;
		};
		CEE1666E1F0D5FEF00DCA5FF /* Release */ = {
			isa = XCBuildConfiguration;
			buildSettings = {
				ALWAYS_SEARCH_USER_PATHS = NO;
				CLANG_ANALYZER_NONNULL = YES;
				CLANG_ANALYZER_NUMBER_OBJECT_CONVERSION = YES_AGGRESSIVE;
				CLANG_CXX_LANGUAGE_STANDARD = "gnu++0x";
				CLANG_CXX_LIBRARY = "libc++";
				CLANG_ENABLE_MODULES = YES;
				CLANG_ENABLE_OBJC_ARC = YES;
				CLANG_WARN_BOOL_CONVERSION = YES;
				CLANG_WARN_CONSTANT_CONVERSION = YES;
				CLANG_WARN_DIRECT_OBJC_ISA_USAGE = YES_ERROR;
				CLANG_WARN_DOCUMENTATION_COMMENTS = YES;
				CLANG_WARN_EMPTY_BODY = YES;
				CLANG_WARN_ENUM_CONVERSION = YES;
				CLANG_WARN_INFINITE_RECURSION = YES;
				CLANG_WARN_INT_CONVERSION = YES;
				CLANG_WARN_OBJC_ROOT_CLASS = YES_ERROR;
				CLANG_WARN_SUSPICIOUS_MOVE = YES;
				CLANG_WARN_UNREACHABLE_CODE = YES;
				CLANG_WARN__DUPLICATE_METHOD_MATCH = YES;
				"CODE_SIGN_IDENTITY[sdk=iphoneos*]" = "iPhone Developer";
				COPY_PHASE_STRIP = NO;
				DEBUG_INFORMATION_FORMAT = "dwarf-with-dsym";
				ENABLE_NS_ASSERTIONS = NO;
				ENABLE_STRICT_OBJC_MSGSEND = YES;
				GCC_C_LANGUAGE_STANDARD = gnu99;
				GCC_NO_COMMON_BLOCKS = YES;
				GCC_WARN_64_TO_32_BIT_CONVERSION = YES;
				GCC_WARN_ABOUT_RETURN_TYPE = YES_ERROR;
				GCC_WARN_UNDECLARED_SELECTOR = YES;
				GCC_WARN_UNINITIALIZED_AUTOS = YES_AGGRESSIVE;
				GCC_WARN_UNUSED_FUNCTION = YES;
				GCC_WARN_UNUSED_VARIABLE = YES;
				IPHONEOS_DEPLOYMENT_TARGET = 10.3;
				MTL_ENABLE_DEBUG_INFO = NO;
				SDKROOT = iphoneos;
				SWIFT_OPTIMIZATION_LEVEL = "-Owholemodule";
				TARGETED_DEVICE_FAMILY = "1,2";
				VALIDATE_PRODUCT = YES;
			};
			name = Release;
		};
		CEE166701F0D5FEF00DCA5FF /* Debug */ = {
			isa = XCBuildConfiguration;
			buildSettings = {
				ASSETCATALOG_COMPILER_APPICON_NAME = AppIcon;
				INFOPLIST_FILE = JerseyCollector/Info.plist;
				LD_RUNPATH_SEARCH_PATHS = "$(inherited) @executable_path/Frameworks";
				PRODUCT_BUNDLE_IDENTIFIER = com.user.JerseyCollector;
				PRODUCT_NAME = "$(TARGET_NAME)";
				SWIFT_VERSION = 3.0;
			};
			name = Debug;
		};
		CEE166711F0D5FEF00DCA5FF /* Release */ = {
			isa = XCBuildConfiguration;
			buildSettings = {
				ASSETCATALOG_COMPILER_APPICON_NAME = AppIcon;
				INFOPLIST_FILE = JerseyCollector/Info.plist;
				LD_RUNPATH_SEARCH_PATHS = "$(inherited) @executable_path/Frameworks";
				PRODUCT_BUNDLE_IDENTIFIER = com.user.JerseyCollector;
				PRODUCT_NAME = "$(TARGET_NAME)";
				SWIFT_VERSION = 3.0;
			};
			name = Release;
		};
/* End XCBuildConfiguration section */

/* Begin XCConfigurationList section */
		CEE166551F0D5FEF00DCA5FF /* Build configuration list for PBXProject "JerseyCollector" */ = {
			isa = XCConfigurationList;
			buildConfigurations = (
				CEE1666D1F0D5FEF00DCA5FF /* Debug */,
				CEE1666E1F0D5FEF00DCA5FF /* Release */,
			);
			defaultConfigurationIsVisible = 0;
			defaultConfigurationName = Release;
		};
		CEE1666F1F0D5FEF00DCA5FF /* Build configuration list for PBXNativeTarget "JerseyCollector" */ = {
			isa = XCConfigurationList;
			buildConfigurations = (
				CEE166701F0D5FEF00DCA5FF /* Debug */,
				CEE166711F0D5FEF00DCA5FF /* Release */,
			);
			defaultConfigurationIsVisible = 0;
		};
/* End XCConfigurationList section */

/* Begin XCVersionGroup section */
		CEE166641F0D5FEF00DCA5FF /* JerseyCollector.xcdatamodeld */ = {
			isa = XCVersionGroup;
			children = (
				CEE166651F0D5FEF00DCA5FF /* JerseyCollector.xcdatamodel */,
			);
			currentVersion = CEE166651F0D5FEF00DCA5FF /* JerseyCollector.xcdatamodel */;
			path = JerseyCollector.xcdatamodeld;
			sourceTree = "<group>";
			versionGroupType = wrapper.xcdatamodel;
		};
/* End XCVersionGroup section */
	};
	rootObject = CEE166521F0D5FEF00DCA5FF /* Project object */;
}
